{
  "version": 4,
  "terraform_version": "1.12.2",
  "serial": 123,
  "lineage": "9b031938-4fd5-7c8a-2b0c-e81225378769",
  "outputs": {
    "app_public_ip": {
      "value": "13.200.21.32",
      "type": "string"
    }
  },
  "resources": [
    {
      "mode": "managed",
      "type": "aws_instance",
      "name": "app_server",
      "provider": "provider[\"registry.terraform.io/hashicorp/aws\"]",
      "instances": [
        {
          "schema_version": 2,
          "attributes": {
            "ami": "ami-0f918f7e67a3323f0",
            "arn": "arn:aws:ec2:ap-south-1:975050024946:instance/i-04bddc38d925e37b6",
            "associate_public_ip_address": true,
            "availability_zone": "ap-south-1c",
            "capacity_reservation_specification": [
              {
                "capacity_reservation_preference": "open",
                "capacity_reservation_target": []
              }
            ],
            "cpu_options": [
              {
                "amd_sev_snp": "",
                "core_count": 1,
                "threads_per_core": 2
              }
            ],
            "credit_specification": [
              {
                "cpu_credits": "unlimited"
              }
            ],
            "disable_api_stop": false,
            "disable_api_termination": false,
            "ebs_block_device": [],
            "ebs_optimized": false,
            "enable_primary_ipv6": null,
            "enclave_options": [
              {
                "enabled": false
              }
            ],
            "ephemeral_block_device": [],
            "get_password_data": false,
            "hibernation": false,
            "host_id": "",
            "host_resource_group_arn": null,
            "iam_instance_profile": "",
            "id": "i-04bddc38d925e37b6",
            "instance_initiated_shutdown_behavior": "stop",
            "instance_lifecycle": "",
            "instance_market_options": [],
            "instance_state": "running",
            "instance_type": "t3.micro",
            "ipv6_address_count": 0,
            "ipv6_addresses": [],
            "key_name": "AnkitAnandHeroViredB10",
            "launch_template": [],
            "maintenance_options": [
              {
                "auto_recovery": "default"
              }
            ],
            "metadata_options": [
              {
                "http_endpoint": "enabled",
                "http_protocol_ipv6": "disabled",
                "http_put_response_hop_limit": 2,
                "http_tokens": "optional",
                "instance_metadata_tags": "disabled"
              }
            ],
            "monitoring": false,
            "network_interface": [],
            "outpost_arn": "",
            "password_data": "",
            "placement_group": "",
            "placement_partition_number": 0,
            "primary_network_interface_id": "eni-07dab5f6b0e7ba71f",
            "private_dns": "ip-10-0-1-163.ap-south-1.compute.internal",
            "private_dns_name_options": [
              {
                "enable_resource_name_dns_a_record": false,
                "enable_resource_name_dns_aaaa_record": false,
                "hostname_type": "ip-name"
              }
            ],
            "private_ip": "10.0.1.163",
            "public_dns": "",
            "public_ip": "13.200.21.32",
            "region": "ap-south-1",
            "root_block_device": [
              {
                "delete_on_termination": true,
                "device_name": "/dev/sda1",
                "encrypted": false,
                "iops": 3000,
                "kms_key_id": "",
                "tags": {},
                "tags_all": {},
                "throughput": 125,
                "volume_id": "vol-0527c7de7aa21463e",
                "volume_size": 8,
                "volume_type": "gp3"
              }
            ],
            "secondary_private_ips": [],
            "security_groups": [],
            "source_dest_check": true,
            "spot_instance_request_id": "",
            "subnet_id": "subnet-08d342f197ef25065",
            "tags": {
              "Name": "ecommerce-server"
            },
            "tags_all": {
              "Name": "ecommerce-server"
            },
            "tenancy": "default",
            "timeouts": null,
            "user_data": "#!/bin/bash\nset -e\napt-get update -y \u0026\u0026 apt-get upgrade -y\napt-get install -y ca-certificates curl gnupg unzip lsb-release\nmkdir -p /etc/apt/keyrings\ncurl -fsSL https://download.docker.com/linux/ubuntu/gpg | gpg --dearmor -o /etc/apt/keyrings/docker.gpg\necho \"deb [arch=$(dpkg --print-architecture) signed-by=/etc/apt/keyrings/docker.gpg] https://download.docker.com/linux/ubuntu $(lsb_release -cs) stable\" | tee /etc/apt/sources.list.d/docker.list \u003e /dev/null\napt-get update -y\napt-get install -y docker-ce docker-ce-cli containerd.io docker-buildx-plugin docker-compose-plugin\nsystemctl enable docker \u0026\u0026 systemctl start docker\nusermod -aG docker ubuntu\n\n# TOKEN=$(curl -X PUT \"http://169.254.169.254/latest/api/token\" \\\n#   -H \"X-aws-ec2-metadata-token-ttl-seconds: 21600\")\n# PUBLIC_IP=$(curl -H \"X-aws-ec2-metadata-token: $TOKEN\" \\\n#   http://169.254.169.254/latest/meta-data/public-ipv4)\n\n# echo \"My public IP is: $PUBLIC_IP\"\n\n# Pull and run all services\ndocker pull ankit200193/user-service:latest\ndocker pull ankit200193/product-service:latest\ndocker pull ankit200193/cart-service:latest\ndocker pull ankit200193/order-service:latest\ndocker pull ankit200193/frontend:latest\n\ndocker run -d --rm -p 3001:3001 -e PORT=3001 -e MONGODB_URI=mongodb+srv://ankit_200193:dwg2Cb4278nAqAEI@cluster0.ou9e6.mongodb.net/ecommerce_users ankit200193/user-service:latest\n\ndocker run -d --rm -p 3002:3002 -e PORT=3002 -e MONGODB_URI=mongodb+srv://ankit_200193:dwg2Cb4278nAqAEI@cluster0.ou9e6.mongodb.net/ecommerce_products ankit200193/product-service:latest\n\ndocker run -d --rm -p 3003:3003 -e PORT=3003 -e MONGODB_URI=mongodb+srv://ankit_200193:dwg2Cb4278nAqAEI@cluster0.ou9e6.mongodb.net/ecommerce_carts ankit200193/cart-service:latest\n\ndocker run -d --rm -p 3004:3004 -e PORT=3004 -e MONGODB_URI=mongodb+srv://ankit_200193:dwg2Cb4278nAqAEI@cluster0.ou9e6.mongodb.net/ecommerce_orders ankit200193/order-service:latest\n\ndocker run -d --rm -p 3000:3000 -e PORT=3000 ankit200193/frontend:latest\n\n\n\n# docker run -d --rm -p 3001:3001 -e PORT=3001 -e MONGODB_URI=mongodb+srv://ankit_200193:dwg2Cb4278nAqAEI@cluster0.ou9e6.mongodb.net/ecommerce_users ankit200193/user-service:latest\n\n# docker run -d --rm -p 3002:3002 -e PORT=3002 -e MONGODB_URI=mongodb+srv://ankit_200193:dwg2Cb4278nAqAEI@cluster0.ou9e6.mongodb.net/ecommerce_products ankit200193/product-service:latest\n\n# docker run -d --rm -p 3003:3003 -e PORT=3003 -e MONGODB_URI=mongodb+srv://ankit_200193:dwg2Cb4278nAqAEI@cluster0.ou9e6.mongodb.net/ecommerce_carts -e PRODUCT_SERVICE_URL=http://$PUBLIC_IP:3002 ankit200193/cart-service:latest\n\n# docker run -d --rm -p 3004:3004 -e PORT=3004 -e MONGODB_URI=mongodb+srv://ankit_200193:dwg2Cb4278nAqAEI@cluster0.ou9e6.mongodb.net/ecommerce_orders -e CART_SERVICE_URL=http://$PUBLIC_IP:3003 -e PRODUCT_SERVICE_URL=http://$PUBLIC_IP:3002 -e USER_SERVICE_URL=http://$PUBLIC_IP:3001 ankit200193/order-service:latest\n\n# docker run -d --rm -p 3000:3000 -e PORT=3000 -e REACT_APP_USER_SERVICE_URL=http://$PUBLIC_IP:3001 -e REACT_APP_PRODUCT_SERVICE_URL=http://$PUBLIC_IP:3002 -e REACT_APP_CART_SERVICE_URL=http://$PUBLIC_IP:3003 -e REACT_APP_ORDER_SERVICE_URL=http://$PUBLIC_IP:3004 ankit200193/frontend:latest\n\n\n# To stop all container : docker stop $(docker ps -q)\n\n# mongodb+srv://ankit_200193:dwg2Cb4278nAqAEI@cluster0.ou9e6.mongodb.net/ecommerce_orders\n\n# mongodb+srv://ankit_200193:dwg2Cb4278nAqAEI@cluster0.ou9e6.mongodb.net/ecommerce_carts\n\n# mongodb+srv://ankit_200193:dwg2Cb4278nAqAEI@cluster0.ou9e6.mongodb.net/ecommerce_products\n\n# mongodb+srv://ankit_200193:dwg2Cb4278nAqAEI@cluster0.ou9e6.mongodb.net/ecommerce_users\n\n# **backend/user-service/.env:**\n# ```env\n# PORT=3001\n# MONGODB_URI=mongodb+srv://ankit_200193:dwg2Cb4278nAqAEI@cluster0.ou9e6.mongodb.net/ecommerce_user\n\n# JWT_SECRET=your-jwt-secret-key\n# ```\n\n\n# **backend/product-service/.env:**\n# ```env\n# PORT=3002\n# MONGODB_URI=mongodb+srv://ankit_200193:dwg2Cb4278nAqAEI@cluster0.ou9e6.mongodb.net/ecommerce_products\n\n# ```\n\n# **backend/cart-service/.env:**\n# ```env\n# PORT=3003\n# MONGODB_URI=mongodb+srv://ankit_200193:dwg2Cb4278nAqAEI@cluster0.ou9e6.mongodb.net/ecommerce_carts\n# PRODUCT_SERVICE_URL=http://$BACKEND_IP:3002\n# ```\n\n# **backend/order-service/.env:**\n# ```env\n# PORT=3004\n# MONGODB_URI=mongodb+srv://ankit_200193:dwg2Cb4278nAqAEI@cluster0.ou9e6.mongodb.net/ecommerce_orders\n# CART_SERVICE_URL=http://$BACKEND_IP:3003\n# PRODUCT_SERVICE_URL=http://$BACKEND_IP:3002\n# USER_SERVICE_URL=http://$BACKEND_IP:3001\n# ```\n\n# **frontend/.env:**\n# ```env\n# REACT_APP_USER_SERVICE_URL=http://$BACKEND_IP:3001\n# REACT_APP_PRODUCT_SERVICE_URL=http://$BACKEND_IP:3002\n# REACT_APP_CART_SERVICE_URL=http://$BACKEND_IP:3003\n# REACT_APP_ORDER_SERVICE_URL=http://$BACKEND_IP:3004\n\n",
            "user_data_base64": null,
            "user_data_replace_on_change": false,
            "volume_tags": null,
            "vpc_security_group_ids": [
              "sg-072e73ae7c91c2079"
            ]
          },
          "sensitive_attributes": [],
          "identity_schema_version": 0,
          "private": "eyJlMmJmYjczMC1lY2FhLTExZTYtOGY4OC0zNDM2M2JjN2M0YzAiOnsiY3JlYXRlIjo2MDAwMDAwMDAwMDAsImRlbGV0ZSI6MTIwMDAwMDAwMDAwMCwicmVhZCI6OTAwMDAwMDAwMDAwLCJ1cGRhdGUiOjYwMDAwMDAwMDAwMH0sInNjaGVtYV92ZXJzaW9uIjoiMiJ9",
          "dependencies": [
            "aws_security_group.app_sg",
            "aws_subnet.public",
            "aws_vpc.main"
          ]
        }
      ]
    },
    {
      "mode": "managed",
      "type": "aws_internet_gateway",
      "name": "gw",
      "provider": "provider[\"registry.terraform.io/hashicorp/aws\"]",
      "instances": [
        {
          "schema_version": 0,
          "attributes": {
            "arn": "arn:aws:ec2:ap-south-1:975050024946:internet-gateway/igw-00bb28c33f2fe866e",
            "id": "igw-00bb28c33f2fe866e",
            "owner_id": "975050024946",
            "region": "ap-south-1",
            "tags": {},
            "tags_all": {},
            "timeouts": null,
            "vpc_id": "vpc-0df71f2e8d7eabe3c"
          },
          "sensitive_attributes": [],
          "identity_schema_version": 0,
          "private": "eyJlMmJmYjczMC1lY2FhLTExZTYtOGY4OC0zNDM2M2JjN2M0YzAiOnsiY3JlYXRlIjoxMjAwMDAwMDAwMDAwLCJkZWxldGUiOjEyMDAwMDAwMDAwMDAsInVwZGF0ZSI6MTIwMDAwMDAwMDAwMH19",
          "dependencies": [
            "aws_vpc.main"
          ]
        }
      ]
    },
    {
      "mode": "managed",
      "type": "aws_route",
      "name": "default",
      "provider": "provider[\"registry.terraform.io/hashicorp/aws\"]",
      "instances": [
        {
          "schema_version": 0,
          "attributes": {
            "carrier_gateway_id": "",
            "core_network_arn": "",
            "destination_cidr_block": "0.0.0.0/0",
            "destination_ipv6_cidr_block": "",
            "destination_prefix_list_id": "",
            "egress_only_gateway_id": "",
            "gateway_id": "igw-00bb28c33f2fe866e",
            "id": "r-rtb-0c840ba50b15f34191080289494",
            "instance_id": "",
            "instance_owner_id": "",
            "local_gateway_id": "",
            "nat_gateway_id": "",
            "network_interface_id": "",
            "origin": "CreateRoute",
            "region": "ap-south-1",
            "route_table_id": "rtb-0c840ba50b15f3419",
            "state": "active",
            "timeouts": null,
            "transit_gateway_id": "",
            "vpc_endpoint_id": "",
            "vpc_peering_connection_id": ""
          },
          "sensitive_attributes": [],
          "identity_schema_version": 0,
          "private": "eyJlMmJmYjczMC1lY2FhLTExZTYtOGY4OC0zNDM2M2JjN2M0YzAiOnsiY3JlYXRlIjozMDAwMDAwMDAwMDAsImRlbGV0ZSI6MzAwMDAwMDAwMDAwLCJ1cGRhdGUiOjEyMDAwMDAwMDAwMH19",
          "dependencies": [
            "aws_internet_gateway.gw",
            "aws_route_table.rt",
            "aws_vpc.main"
          ]
        }
      ]
    },
    {
      "mode": "managed",
      "type": "aws_route_table",
      "name": "rt",
      "provider": "provider[\"registry.terraform.io/hashicorp/aws\"]",
      "instances": [
        {
          "schema_version": 0,
          "attributes": {
            "arn": "arn:aws:ec2:ap-south-1:975050024946:route-table/rtb-0c840ba50b15f3419",
            "id": "rtb-0c840ba50b15f3419",
            "owner_id": "975050024946",
            "propagating_vgws": [],
            "region": "ap-south-1",
            "route": [
              {
                "carrier_gateway_id": "",
                "cidr_block": "0.0.0.0/0",
                "core_network_arn": "",
                "destination_prefix_list_id": "",
                "egress_only_gateway_id": "",
                "gateway_id": "igw-00bb28c33f2fe866e",
                "ipv6_cidr_block": "",
                "local_gateway_id": "",
                "nat_gateway_id": "",
                "network_interface_id": "",
                "transit_gateway_id": "",
                "vpc_endpoint_id": "",
                "vpc_peering_connection_id": ""
              }
            ],
            "tags": {},
            "tags_all": {},
            "timeouts": null,
            "vpc_id": "vpc-0df71f2e8d7eabe3c"
          },
          "sensitive_attributes": [],
          "identity_schema_version": 0,
          "private": "eyJlMmJmYjczMC1lY2FhLTExZTYtOGY4OC0zNDM2M2JjN2M0YzAiOnsiY3JlYXRlIjozMDAwMDAwMDAwMDAsImRlbGV0ZSI6MzAwMDAwMDAwMDAwLCJ1cGRhdGUiOjEyMDAwMDAwMDAwMH19",
          "dependencies": [
            "aws_vpc.main"
          ]
        }
      ]
    },
    {
      "mode": "managed",
      "type": "aws_route_table_association",
      "name": "a",
      "provider": "provider[\"registry.terraform.io/hashicorp/aws\"]",
      "instances": [
        {
          "schema_version": 0,
          "attributes": {
            "gateway_id": "",
            "id": "rtbassoc-03bb8469fef575af8",
            "region": "ap-south-1",
            "route_table_id": "rtb-0c840ba50b15f3419",
            "subnet_id": "subnet-08d342f197ef25065",
            "timeouts": null
          },
          "sensitive_attributes": [],
          "identity_schema_version": 0,
          "private": "eyJlMmJmYjczMC1lY2FhLTExZTYtOGY4OC0zNDM2M2JjN2M0YzAiOnsiY3JlYXRlIjozMDAwMDAwMDAwMDAsImRlbGV0ZSI6MzAwMDAwMDAwMDAwLCJ1cGRhdGUiOjEyMDAwMDAwMDAwMH19",
          "dependencies": [
            "aws_route_table.rt",
            "aws_subnet.public",
            "aws_vpc.main"
          ]
        }
      ]
    },
    {
      "mode": "managed",
      "type": "aws_security_group",
      "name": "app_sg",
      "provider": "provider[\"registry.terraform.io/hashicorp/aws\"]",
      "instances": [
        {
          "schema_version": 1,
          "attributes": {
            "arn": "arn:aws:ec2:ap-south-1:975050024946:security-group/sg-072e73ae7c91c2079",
            "description": "Managed by Terraform",
            "egress": [
              {
                "cidr_blocks": [
                  "0.0.0.0/0"
                ],
                "description": "",
                "from_port": 0,
                "ipv6_cidr_blocks": [],
                "prefix_list_ids": [],
                "protocol": "-1",
                "security_groups": [],
                "self": false,
                "to_port": 0
              }
            ],
            "id": "sg-072e73ae7c91c2079",
            "ingress": [
              {
                "cidr_blocks": [
                  "0.0.0.0/0"
                ],
                "description": "",
                "from_port": 22,
                "ipv6_cidr_blocks": [],
                "prefix_list_ids": [],
                "protocol": "tcp",
                "security_groups": [],
                "self": false,
                "to_port": 22
              },
              {
                "cidr_blocks": [
                  "0.0.0.0/0"
                ],
                "description": "",
                "from_port": 3000,
                "ipv6_cidr_blocks": [],
                "prefix_list_ids": [],
                "protocol": "tcp",
                "security_groups": [],
                "self": false,
                "to_port": 3004
              }
            ],
            "name": "ecommerce_sg",
            "name_prefix": "",
            "owner_id": "975050024946",
            "region": "ap-south-1",
            "revoke_rules_on_delete": false,
            "tags": {},
            "tags_all": {},
            "timeouts": null,
            "vpc_id": "vpc-0df71f2e8d7eabe3c"
          },
          "sensitive_attributes": [],
          "identity_schema_version": 0,
          "private": "eyJlMmJmYjczMC1lY2FhLTExZTYtOGY4OC0zNDM2M2JjN2M0YzAiOnsiY3JlYXRlIjo2MDAwMDAwMDAwMDAsImRlbGV0ZSI6OTAwMDAwMDAwMDAwfSwic2NoZW1hX3ZlcnNpb24iOiIxIn0=",
          "dependencies": [
            "aws_vpc.main"
          ]
        }
      ]
    },
    {
      "mode": "managed",
      "type": "aws_subnet",
      "name": "public",
      "provider": "provider[\"registry.terraform.io/hashicorp/aws\"]",
      "instances": [
        {
          "schema_version": 1,
          "attributes": {
            "arn": "arn:aws:ec2:ap-south-1:975050024946:subnet/subnet-08d342f197ef25065",
            "assign_ipv6_address_on_creation": false,
            "availability_zone": "ap-south-1c",
            "availability_zone_id": "aps1-az2",
            "cidr_block": "10.0.1.0/24",
            "customer_owned_ipv4_pool": "",
            "enable_dns64": false,
            "enable_lni_at_device_index": 0,
            "enable_resource_name_dns_a_record_on_launch": false,
            "enable_resource_name_dns_aaaa_record_on_launch": false,
            "id": "subnet-08d342f197ef25065",
            "ipv6_cidr_block": "",
            "ipv6_cidr_block_association_id": "",
            "ipv6_native": false,
            "map_customer_owned_ip_on_launch": false,
            "map_public_ip_on_launch": true,
            "outpost_arn": "",
            "owner_id": "975050024946",
            "private_dns_hostname_type_on_launch": "ip-name",
            "region": "ap-south-1",
            "tags": {},
            "tags_all": {},
            "timeouts": null,
            "vpc_id": "vpc-0df71f2e8d7eabe3c"
          },
          "sensitive_attributes": [],
          "identity_schema_version": 0,
          "private": "eyJlMmJmYjczMC1lY2FhLTExZTYtOGY4OC0zNDM2M2JjN2M0YzAiOnsiY3JlYXRlIjo2MDAwMDAwMDAwMDAsImRlbGV0ZSI6MTIwMDAwMDAwMDAwMH0sInNjaGVtYV92ZXJzaW9uIjoiMSJ9",
          "dependencies": [
            "aws_vpc.main"
          ]
        }
      ]
    },
    {
      "mode": "managed",
      "type": "aws_vpc",
      "name": "main",
      "provider": "provider[\"registry.terraform.io/hashicorp/aws\"]",
      "instances": [
        {
          "schema_version": 1,
          "attributes": {
            "arn": "arn:aws:ec2:ap-south-1:975050024946:vpc/vpc-0df71f2e8d7eabe3c",
            "assign_generated_ipv6_cidr_block": false,
            "cidr_block": "10.0.0.0/16",
            "default_network_acl_id": "acl-000d27b85668c08ff",
            "default_route_table_id": "rtb-00ec22312ceaf4f4c",
            "default_security_group_id": "sg-0e06e445587878972",
            "dhcp_options_id": "dopt-038e57306679d0382",
            "enable_dns_hostnames": false,
            "enable_dns_support": true,
            "enable_network_address_usage_metrics": false,
            "id": "vpc-0df71f2e8d7eabe3c",
            "instance_tenancy": "default",
            "ipv4_ipam_pool_id": null,
            "ipv4_netmask_length": null,
            "ipv6_association_id": "",
            "ipv6_cidr_block": "",
            "ipv6_cidr_block_network_border_group": "",
            "ipv6_ipam_pool_id": "",
            "ipv6_netmask_length": 0,
            "main_route_table_id": "rtb-00ec22312ceaf4f4c",
            "owner_id": "975050024946",
            "region": "ap-south-1",
            "tags": {},
            "tags_all": {}
          },
          "sensitive_attributes": [],
          "identity_schema_version": 0,
          "private": "eyJzY2hlbWFfdmVyc2lvbiI6IjEifQ=="
        }
      ]
    }
  ],
  "check_results": null
}
